
Microsoft Visual Studio Solution File, Format Version 12.00
# Visual Studio Version 16
VisualStudioVersion = 16.0.29020.237
MinimumVisualStudioVersion = 10.0.40219.1
Project("{9A19103F-16F7-4668-BE54-9A1E7A4F7556}") = "WebAppDevOps.Api", "WebAppDevOps.Api.csproj", "{835F3849-3C6E-4D8F-930E-3C6D3326676C}"
EndProject
Global
	GlobalSection(SolutionConfigurationPlatforms) = preSolution
		Debug|Any CPU = Debug|Any CPU
		Release|Any CPU = Release|Any CPU
	EndGlobalSection
	GlobalSection(ProjectConfigurationPlatforms) = postSolution
		{835F3849-3C6E-4D8F-930E-3C6D3326676C}.Debug|Any CPU.ActiveCfg = Debug|Any CPU
		{835F3849-3C6E-4D8F-930E-3C6D3326676C}.Debug|Any CPU.Build.0 = Debug|Any CPU
		{835F3849-3C6E-4D8F-930E-3C6D3326676C}.Release|Any CPU.ActiveCfg = Release|Any CPU
		{835F3849-3C6E-4D8F-930E-3C6D3326676C}.Release|Any CPU.Build.0 = Release|Any CPU
	EndGlobalSection
	GlobalSection(SolutionProperties) = preSolution
		HideSolutionNode = FALSE
	EndGlobalSection
	GlobalSection(ExtensibilityGlobals) = postSolution
		SolutionGuid = {A1923026-961E-464A-A278-00987D0FA26E}
	EndGlobalSection
EndGlobal
